
Microsoft Visual Studio Solution File, Format Version 12.00
# Visual Studio Version 17
VisualStudioVersion = 17.2.32630.192
MinimumVisualStudioVersion = 10.0.40219.1
Project("{FAE04EC0-301F-11D3-BF4B-00C04F79EFBC}") = "Ex1", "Ex1\Ex1.csproj", "{67533A1C-9833-46DA-8453-B494AF17D028}"
EndProject
Global
	GlobalSection(SolutionConfigurationPlatforms) = preSolution
		Debug|Any CPU = Debug|Any CPU
		Release|Any CPU = Release|Any CPU
	EndGlobalSection
	GlobalSection(ProjectConfigurationPlatforms) = postSolution
		{67533A1C-9833-46DA-8453-B494AF17D028}.Debug|Any CPU.ActiveCfg = Debug|Any CPU
		{67533A1C-9833-46DA-8453-B494AF17D028}.Debug|Any CPU.Build.0 = Debug|Any CPU
		{67533A1C-9833-46DA-8453-B494AF17D028}.Release|Any CPU.ActiveCfg = Release|Any CPU
		{67533A1C-9833-46DA-8453-B494AF17D028}.Release|Any CPU.Build.0 = Release|Any CPU
	EndGlobalSection
	GlobalSection(SolutionProperties) = preSolution
		HideSolutionNode = FALSE
	EndGlobalSection
	GlobalSection(ExtensibilityGlobals) = postSolution
		SolutionGuid = {9E5EA348-8A47-401F-8C68-09852AEE1C66}
	EndGlobalSection
EndGlobal
