
Microsoft Visual Studio Solution File, Format Version 12.00
# Visual Studio Version 17
VisualStudioVersion = 17.2.32630.192
MinimumVisualStudioVersion = 10.0.40219.1
Project("{FAE04EC0-301F-11D3-BF4B-00C04F79EFBC}") = "Anonymous_Type", "Anonymous_Type\Anonymous_Type.csproj", "{7A103FC2-245D-4BC8-A15B-AC9F7CAC66F0}"
EndProject
Global
	GlobalSection(SolutionConfigurationPlatforms) = preSolution
		Debug|Any CPU = Debug|Any CPU
		Release|Any CPU = Release|Any CPU
	EndGlobalSection
	GlobalSection(ProjectConfigurationPlatforms) = postSolution
		{7A103FC2-245D-4BC8-A15B-AC9F7CAC66F0}.Debug|Any CPU.ActiveCfg = Debug|Any CPU
		{7A103FC2-245D-4BC8-A15B-AC9F7CAC66F0}.Debug|Any CPU.Build.0 = Debug|Any CPU
		{7A103FC2-245D-4BC8-A15B-AC9F7CAC66F0}.Release|Any CPU.ActiveCfg = Release|Any CPU
		{7A103FC2-245D-4BC8-A15B-AC9F7CAC66F0}.Release|Any CPU.Build.0 = Release|Any CPU
	EndGlobalSection
	GlobalSection(SolutionProperties) = preSolution
		HideSolutionNode = FALSE
	EndGlobalSection
	GlobalSection(ExtensibilityGlobals) = postSolution
		SolutionGuid = {286D6719-40A0-465F-A468-142660F8EA89}
	EndGlobalSection
EndGlobal
