
Microsoft Visual Studio Solution File, Format Version 12.00
# Visual Studio Version 17
VisualStudioVersion = 17.2.32630.192
MinimumVisualStudioVersion = 10.0.40219.1
Project("{FAE04EC0-301F-11D3-BF4B-00C04F79EFBC}") = "Out_Parameters", "Out_Parameters\Out_Parameters.csproj", "{0EA119AB-834C-4C6D-A311-067690EE5869}"
EndProject
Global
	GlobalSection(SolutionConfigurationPlatforms) = preSolution
		Debug|Any CPU = Debug|Any CPU
		Release|Any CPU = Release|Any CPU
	EndGlobalSection
	GlobalSection(ProjectConfigurationPlatforms) = postSolution
		{0EA119AB-834C-4C6D-A311-067690EE5869}.Debug|Any CPU.ActiveCfg = Debug|Any CPU
		{0EA119AB-834C-4C6D-A311-067690EE5869}.Debug|Any CPU.Build.0 = Debug|Any CPU
		{0EA119AB-834C-4C6D-A311-067690EE5869}.Release|Any CPU.ActiveCfg = Release|Any CPU
		{0EA119AB-834C-4C6D-A311-067690EE5869}.Release|Any CPU.Build.0 = Release|Any CPU
	EndGlobalSection
	GlobalSection(SolutionProperties) = preSolution
		HideSolutionNode = FALSE
	EndGlobalSection
	GlobalSection(ExtensibilityGlobals) = postSolution
		SolutionGuid = {F5BE1E71-00F5-4FD2-BF58-DB93D1A29BEC}
	EndGlobalSection
EndGlobal
