
Microsoft Visual Studio Solution File, Format Version 12.00
# Visual Studio Version 17
VisualStudioVersion = 17.2.32630.192
MinimumVisualStudioVersion = 10.0.40219.1
Project("{FAE04EC0-301F-11D3-BF4B-00C04F79EFBC}") = "Instantiating", "Instantiating\Instantiating.csproj", "{FCE16A47-35B8-471C-B068-83FADCE881B9}"
EndProject
Project("{FAE04EC0-301F-11D3-BF4B-00C04F79EFBC}") = "Method", "..\Method\Method.csproj", "{FEA8C268-FF64-4D4C-9D0C-CA79BD43036B}"
EndProject
Global
	GlobalSection(SolutionConfigurationPlatforms) = preSolution
		Debug|Any CPU = Debug|Any CPU
		Release|Any CPU = Release|Any CPU
	EndGlobalSection
	GlobalSection(ProjectConfigurationPlatforms) = postSolution
		{FCE16A47-35B8-471C-B068-83FADCE881B9}.Debug|Any CPU.ActiveCfg = Debug|Any CPU
		{FCE16A47-35B8-471C-B068-83FADCE881B9}.Debug|Any CPU.Build.0 = Debug|Any CPU
		{FCE16A47-35B8-471C-B068-83FADCE881B9}.Release|Any CPU.ActiveCfg = Release|Any CPU
		{FCE16A47-35B8-471C-B068-83FADCE881B9}.Release|Any CPU.Build.0 = Release|Any CPU
		{FEA8C268-FF64-4D4C-9D0C-CA79BD43036B}.Debug|Any CPU.ActiveCfg = Debug|Any CPU
		{FEA8C268-FF64-4D4C-9D0C-CA79BD43036B}.Debug|Any CPU.Build.0 = Debug|Any CPU
		{FEA8C268-FF64-4D4C-9D0C-CA79BD43036B}.Release|Any CPU.ActiveCfg = Release|Any CPU
		{FEA8C268-FF64-4D4C-9D0C-CA79BD43036B}.Release|Any CPU.Build.0 = Release|Any CPU
	EndGlobalSection
	GlobalSection(SolutionProperties) = preSolution
		HideSolutionNode = FALSE
	EndGlobalSection
	GlobalSection(ExtensibilityGlobals) = postSolution
		SolutionGuid = {173E6EC0-332D-4532-93FB-32E11F8F95C8}
	EndGlobalSection
EndGlobal
