
Microsoft Visual Studio Solution File, Format Version 12.00
# Visual Studio Version 17
VisualStudioVersion = 17.2.32630.192
MinimumVisualStudioVersion = 10.0.40219.1
Project("{9A19103F-16F7-4668-BE54-9A1E7A4F7556}") = "Lap4", "GeometricObject\Lap4.csproj", "{D4D0E762-04FC-421B-9B81-091C52284A95}"
EndProject
Project("{FAE04EC0-301F-11D3-BF4B-00C04F79EFBC}") = "IndexerExample", "IndexerExample\IndexerExample.csproj", "{87657321-931C-41CA-9542-00BDE3F7799D}"
EndProject
Global
	GlobalSection(SolutionConfigurationPlatforms) = preSolution
		Debug|Any CPU = Debug|Any CPU
		Release|Any CPU = Release|Any CPU
	EndGlobalSection
	GlobalSection(ProjectConfigurationPlatforms) = postSolution
		{D4D0E762-04FC-421B-9B81-091C52284A95}.Debug|Any CPU.ActiveCfg = Debug|Any CPU
		{D4D0E762-04FC-421B-9B81-091C52284A95}.Debug|Any CPU.Build.0 = Debug|Any CPU
		{D4D0E762-04FC-421B-9B81-091C52284A95}.Release|Any CPU.ActiveCfg = Release|Any CPU
		{D4D0E762-04FC-421B-9B81-091C52284A95}.Release|Any CPU.Build.0 = Release|Any CPU
		{87657321-931C-41CA-9542-00BDE3F7799D}.Debug|Any CPU.ActiveCfg = Debug|Any CPU
		{87657321-931C-41CA-9542-00BDE3F7799D}.Debug|Any CPU.Build.0 = Debug|Any CPU
		{87657321-931C-41CA-9542-00BDE3F7799D}.Release|Any CPU.ActiveCfg = Release|Any CPU
		{87657321-931C-41CA-9542-00BDE3F7799D}.Release|Any CPU.Build.0 = Release|Any CPU
	EndGlobalSection
	GlobalSection(SolutionProperties) = preSolution
		HideSolutionNode = FALSE
	EndGlobalSection
	GlobalSection(ExtensibilityGlobals) = postSolution
		SolutionGuid = {12EB0AD0-74D9-41F8-8AA7-1B5DC5004AF6}
	EndGlobalSection
EndGlobal
